
Microsoft Visual Studio Solution File, Format Version 12.00
# Visual Studio Version 17
VisualStudioVersion = 17.2.32630.192
MinimumVisualStudioVersion = 10.0.40219.1
Project("{FAE04EC0-301F-11D3-BF4B-00C04F79EFBC}") = "CodeFirstAssignment", "CodeFirstAssignment.csproj", "{5ACE219A-774E-46B9-9DD1-F9254B602F11}"
EndProject
Global
	GlobalSection(SolutionConfigurationPlatforms) = preSolution
		Debug|Any CPU = Debug|Any CPU
		Release|Any CPU = Release|Any CPU
	EndGlobalSection
	GlobalSection(ProjectConfigurationPlatforms) = postSolution
		{5ACE219A-774E-46B9-9DD1-F9254B602F11}.Debug|Any CPU.ActiveCfg = Debug|Any CPU
		{5ACE219A-774E-46B9-9DD1-F9254B602F11}.Debug|Any CPU.Build.0 = Debug|Any CPU
		{5ACE219A-774E-46B9-9DD1-F9254B602F11}.Release|Any CPU.ActiveCfg = Release|Any CPU
		{5ACE219A-774E-46B9-9DD1-F9254B602F11}.Release|Any CPU.Build.0 = Release|Any CPU
	EndGlobalSection
	GlobalSection(SolutionProperties) = preSolution
		HideSolutionNode = FALSE
	EndGlobalSection
	GlobalSection(ExtensibilityGlobals) = postSolution
		SolutionGuid = {1E55BAB0-B90F-4A17-B433-096A767C616D}
	EndGlobalSection
EndGlobal
